
Microsoft Visual Studio Solution File, Format Version 12.00
# Visual Studio Version 17
VisualStudioVersion = 17.8.34330.188
MinimumVisualStudioVersion = 10.0.40219.1
Project("{FAE04EC0-301F-11D3-BF4B-00C04F79EFBC}") = "AspNET-MVC-AT", "AspNET-MVC-AT\AspNET-MVC-AT.csproj", "{0874D6E3-1DF5-4A0E-8DEE-3AE4926BBA03}"
EndProject
Global
	GlobalSection(SolutionConfigurationPlatforms) = preSolution
		Debug|Any CPU = Debug|Any CPU
		Release|Any CPU = Release|Any CPU
	EndGlobalSection
	GlobalSection(ProjectConfigurationPlatforms) = postSolution
		{0874D6E3-1DF5-4A0E-8DEE-3AE4926BBA03}.Debug|Any CPU.ActiveCfg = Debug|Any CPU
		{0874D6E3-1DF5-4A0E-8DEE-3AE4926BBA03}.Debug|Any CPU.Build.0 = Debug|Any CPU
		{0874D6E3-1DF5-4A0E-8DEE-3AE4926BBA03}.Release|Any CPU.ActiveCfg = Release|Any CPU
		{0874D6E3-1DF5-4A0E-8DEE-3AE4926BBA03}.Release|Any CPU.Build.0 = Release|Any CPU
	EndGlobalSection
	GlobalSection(SolutionProperties) = preSolution
		HideSolutionNode = FALSE
	EndGlobalSection
	GlobalSection(ExtensibilityGlobals) = postSolution
		SolutionGuid = {E0E23C78-B74C-4048-81F5-FFF7940A3225}
	EndGlobalSection
EndGlobal
